// !$*UTF8*$!
{
	archiveVersion = 1;
	classes = {
	};
	objectVersion = 56;
	objects = {

/* Begin PBXBuildFile section */
		B3A671212C9B2B300024B802 /* AppDelegate.swift in Sources */ = {isa = PBXBuildFile; fileRef = B3A671202C9B2B300024B802 /* AppDelegate.swift */; };
		B3A671232C9B2B300024B802 /* SceneDelegate.swift in Sources */ = {isa = PBXBuildFile; fileRef = B3A671222C9B2B300024B802 /* SceneDelegate.swift */; };
		B3A6712A2C9B2B320024B802 /* Assets.xcassets in Resources */ = {isa = PBXBuildFile; fileRef = B3A671292C9B2B320024B802 /* Assets.xcassets */; };
		B3A6712D2C9B2B320024B802 /* LaunchScreen.storyboard in Resources */ = {isa = PBXBuildFile; fileRef = B3A6712B2C9B2B320024B802 /* LaunchScreen.storyboard */; };
		B3A671382C9B2BEF0024B802 /* MainViewController.swift in Sources */ = {isa = PBXBuildFile; fileRef = B3A671372C9B2BEF0024B802 /* MainViewController.swift */; };
		B3A6713A2C9B2C060024B802 /* MainViewController.xib in Resources */ = {isa = PBXBuildFile; fileRef = B3A671392C9B2C060024B802 /* MainViewController.xib */; };
		B3A671402C9B338F0024B802 /* UIView+Extension.swift in Sources */ = {isa = PBXBuildFile; fileRef = B3A6713F2C9B338F0024B802 /* UIView+Extension.swift */; };
		B3A671422C9B344C0024B802 /* roboto in Resources */ = {isa = PBXBuildFile; fileRef = B3A671412C9B344C0024B802 /* roboto */; };
		B3A671452C9B387E0024B802 /* MainCollectionViewCell.swift in Sources */ = {isa = PBXBuildFile; fileRef = B3A671432C9B387E0024B802 /* MainCollectionViewCell.swift */; };
		B3A671462C9B387E0024B802 /* MainCollectionViewCell.xib in Resources */ = {isa = PBXBuildFile; fileRef = B3A671442C9B387E0024B802 /* MainCollectionViewCell.xib */; };
		B3A671482C9B3B090024B802 /* UICollectionViewCell+Extension.swift in Sources */ = {isa = PBXBuildFile; fileRef = B3A671472C9B3B090024B802 /* UICollectionViewCell+Extension.swift */; };
		B3A6714A2C9B48630024B802 /* MainViewModel.swift in Sources */ = {isa = PBXBuildFile; fileRef = B3A671492C9B48630024B802 /* MainViewModel.swift */; };
		B3A6714C2C9B50310024B802 /* MainCollectionViewModel.swift in Sources */ = {isa = PBXBuildFile; fileRef = B3A6714B2C9B50310024B802 /* MainCollectionViewModel.swift */; };
/* End PBXBuildFile section */

/* Begin PBXFileReference section */
		B3A6711D2C9B2B300024B802 /* DemiurgTest.app */ = {isa = PBXFileReference; explicitFileType = wrapper.application; includeInIndex = 0; path = DemiurgTest.app; sourceTree = BUILT_PRODUCTS_DIR; };
		B3A671202C9B2B300024B802 /* AppDelegate.swift */ = {isa = PBXFileReference; lastKnownFileType = sourcecode.swift; path = AppDelegate.swift; sourceTree = "<group>"; };
		B3A671222C9B2B300024B802 /* SceneDelegate.swift */ = {isa = PBXFileReference; lastKnownFileType = sourcecode.swift; path = SceneDelegate.swift; sourceTree = "<group>"; };
		B3A671292C9B2B320024B802 /* Assets.xcassets */ = {isa = PBXFileReference; lastKnownFileType = folder.assetcatalog; path = Assets.xcassets; sourceTree = "<group>"; };
		B3A6712C2C9B2B320024B802 /* Base */ = {isa = PBXFileReference; lastKnownFileType = file.storyboard; name = Base; path = Base.lproj/LaunchScreen.storyboard; sourceTree = "<group>"; };
		B3A6712E2C9B2B320024B802 /* Info.plist */ = {isa = PBXFileReference; lastKnownFileType = text.plist.xml; path = Info.plist; sourceTree = "<group>"; };
		B3A671372C9B2BEF0024B802 /* MainViewController.swift */ = {isa = PBXFileReference; lastKnownFileType = sourcecode.swift; path = MainViewController.swift; sourceTree = "<group>"; };
		B3A671392C9B2C060024B802 /* MainViewController.xib */ = {isa = PBXFileReference; lastKnownFileType = file.xib; path = MainViewController.xib; sourceTree = "<group>"; };
		B3A6713F2C9B338F0024B802 /* UIView+Extension.swift */ = {isa = PBXFileReference; lastKnownFileType = sourcecode.swift; path = "UIView+Extension.swift"; sourceTree = "<group>"; };
		B3A671412C9B344C0024B802 /* roboto */ = {isa = PBXFileReference; lastKnownFileType = folder; path = roboto; sourceTree = "<group>"; };
		B3A671432C9B387E0024B802 /* MainCollectionViewCell.swift */ = {isa = PBXFileReference; lastKnownFileType = sourcecode.swift; path = MainCollectionViewCell.swift; sourceTree = "<group>"; };
		B3A671442C9B387E0024B802 /* MainCollectionViewCell.xib */ = {isa = PBXFileReference; lastKnownFileType = file.xib; path = MainCollectionViewCell.xib; sourceTree = "<group>"; };
		B3A671472C9B3B090024B802 /* UICollectionViewCell+Extension.swift */ = {isa = PBXFileReference; lastKnownFileType = sourcecode.swift; path = "UICollectionViewCell+Extension.swift"; sourceTree = "<group>"; };
		B3A671492C9B48630024B802 /* MainViewModel.swift */ = {isa = PBXFileReference; lastKnownFileType = sourcecode.swift; path = MainViewModel.swift; sourceTree = "<group>"; };
		B3A6714B2C9B50310024B802 /* MainCollectionViewModel.swift */ = {isa = PBXFileReference; lastKnownFileType = sourcecode.swift; path = MainCollectionViewModel.swift; sourceTree = "<group>"; };
/* End PBXFileReference section */

/* Begin PBXFrameworksBuildPhase section */
		B3A6711A2C9B2B300024B802 /* Frameworks */ = {
			isa = PBXFrameworksBuildPhase;
			buildActionMask = 2147483647;
			files = (
			);
			runOnlyForDeploymentPostprocessing = 0;
		};
/* End PBXFrameworksBuildPhase section */

/* Begin PBXGroup section */
		B3A671142C9B2B300024B802 = {
			isa = PBXGroup;
			children = (
				B3A6711F2C9B2B300024B802 /* DemiurgTest */,
				B3A6711E2C9B2B300024B802 /* Products */,
			);
			sourceTree = "<group>";
		};
		B3A6711E2C9B2B300024B802 /* Products */ = {
			isa = PBXGroup;
			children = (
				B3A6711D2C9B2B300024B802 /* DemiurgTest.app */,
			);
			name = Products;
			sourceTree = "<group>";
		};
		B3A6711F2C9B2B300024B802 /* DemiurgTest */ = {
			isa = PBXGroup;
			children = (
				B3A6713E2C9B337D0024B802 /* Extensions */,
				B3A6713C2C9B320E0024B802 /* Views */,
				B3A671352C9B2BCB0024B802 /* Modules */,
				B3A671342C9B2B450024B802 /* Flow */,
				B3A6713B2C9B30000024B802 /* Resources */,
				B3A6712E2C9B2B320024B802 /* Info.plist */,
			);
			path = DemiurgTest;
			sourceTree = "<group>";
		};
		B3A671342C9B2B450024B802 /* Flow */ = {
			isa = PBXGroup;
			children = (
				B3A671202C9B2B300024B802 /* AppDelegate.swift */,
				B3A671222C9B2B300024B802 /* SceneDelegate.swift */,
			);
			path = Flow;
			sourceTree = "<group>";
		};
		B3A671352C9B2BCB0024B802 /* Modules */ = {
			isa = PBXGroup;
			children = (
				B3A671362C9B2BDB0024B802 /* MainViewController */,
			);
			path = Modules;
			sourceTree = "<group>";
		};
		B3A671362C9B2BDB0024B802 /* MainViewController */ = {
			isa = PBXGroup;
			children = (
				B3A671372C9B2BEF0024B802 /* MainViewController.swift */,
				B3A671492C9B48630024B802 /* MainViewModel.swift */,
				B3A671392C9B2C060024B802 /* MainViewController.xib */,
			);
			path = MainViewController;
			sourceTree = "<group>";
		};
		B3A6713B2C9B30000024B802 /* Resources */ = {
			isa = PBXGroup;
			children = (
				B3A671412C9B344C0024B802 /* roboto */,
				B3A6712B2C9B2B320024B802 /* LaunchScreen.storyboard */,
				B3A671292C9B2B320024B802 /* Assets.xcassets */,
			);
			path = Resources;
			sourceTree = "<group>";
		};
		B3A6713C2C9B320E0024B802 /* Views */ = {
			isa = PBXGroup;
			children = (
				B3A6713D2C9B32160024B802 /* MainCollectionViewCell */,
			);
			path = Views;
			sourceTree = "<group>";
		};
		B3A6713D2C9B32160024B802 /* MainCollectionViewCell */ = {
			isa = PBXGroup;
			children = (
				B3A671432C9B387E0024B802 /* MainCollectionViewCell.swift */,
				B3A671442C9B387E0024B802 /* MainCollectionViewCell.xib */,
				B3A6714B2C9B50310024B802 /* MainCollectionViewModel.swift */,
			);
			path = MainCollectionViewCell;
			sourceTree = "<group>";
		};
		B3A6713E2C9B337D0024B802 /* Extensions */ = {
			isa = PBXGroup;
			children = (
				B3A6713F2C9B338F0024B802 /* UIView+Extension.swift */,
				B3A671472C9B3B090024B802 /* UICollectionViewCell+Extension.swift */,
			);
			path = Extensions;
			sourceTree = "<group>";
		};
/* End PBXGroup section */

/* Begin PBXNativeTarget section */
		B3A6711C2C9B2B300024B802 /* DemiurgTest */ = {
			isa = PBXNativeTarget;
			buildConfigurationList = B3A671312C9B2B320024B802 /* Build configuration list for PBXNativeTarget "DemiurgTest" */;
			buildPhases = (
				B3A671192C9B2B300024B802 /* Sources */,
				B3A6711A2C9B2B300024B802 /* Frameworks */,
				B3A6711B2C9B2B300024B802 /* Resources */,
			);
			buildRules = (
			);
			dependencies = (
			);
			name = DemiurgTest;
			productName = DemiurgTest;
			productReference = B3A6711D2C9B2B300024B802 /* DemiurgTest.app */;
			productType = "com.apple.product-type.application";
		};
/* End PBXNativeTarget section */

/* Begin PBXProject section */
		B3A671152C9B2B300024B802 /* Project object */ = {
			isa = PBXProject;
			attributes = {
				BuildIndependentTargetsInParallel = 1;
				LastSwiftUpdateCheck = 1520;
				LastUpgradeCheck = 1520;
				TargetAttributes = {
					B3A6711C2C9B2B300024B802 = {
						CreatedOnToolsVersion = 15.2;
					};
				};
			};
			buildConfigurationList = B3A671182C9B2B300024B802 /* Build configuration list for PBXProject "DemiurgTest" */;
			compatibilityVersion = "Xcode 14.0";
			developmentRegion = en;
			hasScannedForEncodings = 0;
			knownRegions = (
				en,
				Base,
			);
			mainGroup = B3A671142C9B2B300024B802;
			productRefGroup = B3A6711E2C9B2B300024B802 /* Products */;
			projectDirPath = "";
			projectRoot = "";
			targets = (
				B3A6711C2C9B2B300024B802 /* DemiurgTest */,
			);
		};
/* End PBXProject section */

/* Begin PBXResourcesBuildPhase section */
		B3A6711B2C9B2B300024B802 /* Resources */ = {
			isa = PBXResourcesBuildPhase;
			buildActionMask = 2147483647;
			files = (
				B3A6712D2C9B2B320024B802 /* LaunchScreen.storyboard in Resources */,
				B3A6713A2C9B2C060024B802 /* MainViewController.xib in Resources */,
				B3A6712A2C9B2B320024B802 /* Assets.xcassets in Resources */,
				B3A671462C9B387E0024B802 /* MainCollectionViewCell.xib in Resources */,
				B3A671422C9B344C0024B802 /* roboto in Resources */,
			);
			runOnlyForDeploymentPostprocessing = 0;
		};
/* End PBXResourcesBuildPhase section */

/* Begin PBXSourcesBuildPhase section */
		B3A671192C9B2B300024B802 /* Sources */ = {
			isa = PBXSourcesBuildPhase;
			buildActionMask = 2147483647;
			files = (
				B3A6714A2C9B48630024B802 /* MainViewModel.swift in Sources */,
				B3A671382C9B2BEF0024B802 /* MainViewController.swift in Sources */,
				B3A671212C9B2B300024B802 /* AppDelegate.swift in Sources */,
				B3A671482C9B3B090024B802 /* UICollectionViewCell+Extension.swift in Sources */,
				B3A671452C9B387E0024B802 /* MainCollectionViewCell.swift in Sources */,
				B3A6714C2C9B50310024B802 /* MainCollectionViewModel.swift in Sources */,
				B3A671402C9B338F0024B802 /* UIView+Extension.swift in Sources */,
				B3A671232C9B2B300024B802 /* SceneDelegate.swift in Sources */,
			);
			runOnlyForDeploymentPostprocessing = 0;
		};
/* End PBXSourcesBuildPhase section */

/* Begin PBXVariantGroup section */
		B3A6712B2C9B2B320024B802 /* LaunchScreen.storyboard */ = {
			isa = PBXVariantGroup;
			children = (
				B3A6712C2C9B2B320024B802 /* Base */,
			);
			name = LaunchScreen.storyboard;
			sourceTree = "<group>";
		};
/* End PBXVariantGroup section */

/* Begin XCBuildConfiguration section */
		B3A6712F2C9B2B320024B802 /* Debug */ = {
			isa = XCBuildConfiguration;
			buildSettings = {
				ALWAYS_SEARCH_USER_PATHS = NO;
				ASSETCATALOG_COMPILER_GENERATE_SWIFT_ASSET_SYMBOL_EXTENSIONS = YES;
				CLANG_ANALYZER_NONNULL = YES;
				CLANG_ANALYZER_NUMBER_OBJECT_CONVERSION = YES_AGGRESSIVE;
				CLANG_CXX_LANGUAGE_STANDARD = "gnu++20";
				CLANG_ENABLE_MODULES = YES;
				CLANG_ENABLE_OBJC_ARC = YES;
				CLANG_ENABLE_OBJC_WEAK = YES;
				CLANG_WARN_BLOCK_CAPTURE_AUTORELEASING = YES;
				CLANG_WARN_BOOL_CONVERSION = YES;
				CLANG_WARN_COMMA = YES;
				CLANG_WARN_CONSTANT_CONVERSION = YES;
				CLANG_WARN_DEPRECATED_OBJC_IMPLEMENTATIONS = YES;
				CLANG_WARN_DIRECT_OBJC_ISA_USAGE = YES_ERROR;
				CLANG_WARN_DOCUMENTATION_COMMENTS = YES;
				CLANG_WARN_EMPTY_BODY = YES;
				CLANG_WARN_ENUM_CONVERSION = YES;
				CLANG_WARN_INFINITE_RECURSION = YES;
				CLANG_WARN_INT_CONVERSION = YES;
				CLANG_WARN_NON_LITERAL_NULL_CONVERSION = YES;
				CLANG_WARN_OBJC_IMPLICIT_RETAIN_SELF = YES;
				CLANG_WARN_OBJC_LITERAL_CONVERSION = YES;
				CLANG_WARN_OBJC_ROOT_CLASS = YES_ERROR;
				CLANG_WARN_QUOTED_INCLUDE_IN_FRAMEWORK_HEADER = YES;
				CLANG_WARN_RANGE_LOOP_ANALYSIS = YES;
				CLANG_WARN_STRICT_PROTOTYPES = YES;
				CLANG_WARN_SUSPICIOUS_MOVE = YES;
				CLANG_WARN_UNGUARDED_AVAILABILITY = YES_AGGRESSIVE;
				CLANG_WARN_UNREACHABLE_CODE = YES;
				CLANG_WARN__DUPLICATE_METHOD_MATCH = YES;
				COPY_PHASE_STRIP = NO;
				DEBUG_INFORMATION_FORMAT = dwarf;
				ENABLE_STRICT_OBJC_MSGSEND = YES;
				ENABLE_TESTABILITY = YES;
				ENABLE_USER_SCRIPT_SANDBOXING = YES;
				GCC_C_LANGUAGE_STANDARD = gnu17;
				GCC_DYNAMIC_NO_PIC = NO;
				GCC_NO_COMMON_BLOCKS = YES;
				GCC_OPTIMIZATION_LEVEL = 0;
				GCC_PREPROCESSOR_DEFINITIONS = (
					"DEBUG=1",
					"$(inherited)",
				);
				GCC_WARN_64_TO_32_BIT_CONVERSION = YES;
				GCC_WARN_ABOUT_RETURN_TYPE = YES_ERROR;
				GCC_WARN_UNDECLARED_SELECTOR = YES;
				GCC_WARN_UNINITIALIZED_AUTOS = YES_AGGRESSIVE;
				GCC_WARN_UNUSED_FUNCTION = YES;
				GCC_WARN_UNUSED_VARIABLE = YES;
				IPHONEOS_DEPLOYMENT_TARGET = 17.2;
				LOCALIZATION_PREFERS_STRING_CATALOGS = YES;
				MTL_ENABLE_DEBUG_INFO = INCLUDE_SOURCE;
				MTL_FAST_MATH = YES;
				ONLY_ACTIVE_ARCH = YES;
				SDKROOT = iphoneos;
				SWIFT_ACTIVE_COMPILATION_CONDITIONS = "DEBUG $(inherited)";
				SWIFT_OPTIMIZATION_LEVEL = "-Onone";
			};
			name = Debug;
		};
		B3A671302C9B2B320024B802 /* Release */ = {
			isa = XCBuildConfiguration;
			buildSettings = {
				ALWAYS_SEARCH_USER_PATHS = NO;
				ASSETCATALOG_COMPILER_GENERATE_SWIFT_ASSET_SYMBOL_EXTENSIONS = YES;
				CLANG_ANALYZER_NONNULL = YES;
				CLANG_ANALYZER_NUMBER_OBJECT_CONVERSION = YES_AGGRESSIVE;
				CLANG_CXX_LANGUAGE_STANDARD = "gnu++20";
				CLANG_ENABLE_MODULES = YES;
				CLANG_ENABLE_OBJC_ARC = YES;
				CLANG_ENABLE_OBJC_WEAK = YES;
				CLANG_WARN_BLOCK_CAPTURE_AUTORELEASING = YES;
				CLANG_WARN_BOOL_CONVERSION = YES;
				CLANG_WARN_COMMA = YES;
				CLANG_WARN_CONSTANT_CONVERSION = YES;
				CLANG_WARN_DEPRECATED_OBJC_IMPLEMENTATIONS = YES;
				CLANG_WARN_DIRECT_OBJC_ISA_USAGE = YES_ERROR;
				CLANG_WARN_DOCUMENTATION_COMMENTS = YES;
				CLANG_WARN_EMPTY_BODY = YES;
				CLANG_WARN_ENUM_CONVERSION = YES;
				CLANG_WARN_INFINITE_RECURSION = YES;
				CLANG_WARN_INT_CONVERSION = YES;
				CLANG_WARN_NON_LITERAL_NULL_CONVERSION = YES;
				CLANG_WARN_OBJC_IMPLICIT_RETAIN_SELF = YES;
				CLANG_WARN_OBJC_LITERAL_CONVERSION = YES;
				CLANG_WARN_OBJC_ROOT_CLASS = YES_ERROR;
				CLANG_WARN_QUOTED_INCLUDE_IN_FRAMEWORK_HEADER = YES;
				CLANG_WARN_RANGE_LOOP_ANALYSIS = YES;
				CLANG_WARN_STRICT_PROTOTYPES = YES;
				CLANG_WARN_SUSPICIOUS_MOVE = YES;
				CLANG_WARN_UNGUARDED_AVAILABILITY = YES_AGGRESSIVE;
				CLANG_WARN_UNREACHABLE_CODE = YES;
				CLANG_WARN__DUPLICATE_METHOD_MATCH = YES;
				COPY_PHASE_STRIP = NO;
				DEBUG_INFORMATION_FORMAT = "dwarf-with-dsym";
				ENABLE_NS_ASSERTIONS = NO;
				ENABLE_STRICT_OBJC_MSGSEND = YES;
				ENABLE_USER_SCRIPT_SANDBOXING = YES;
				GCC_C_LANGUAGE_STANDARD = gnu17;
				GCC_NO_COMMON_BLOCKS = YES;
				GCC_WARN_64_TO_32_BIT_CONVERSION = YES;
				GCC_WARN_ABOUT_RETURN_TYPE = YES_ERROR;
				GCC_WARN_UNDECLARED_SELECTOR = YES;
				GCC_WARN_UNINITIALIZED_AUTOS = YES_AGGRESSIVE;
				GCC_WARN_UNUSED_FUNCTION = YES;
				GCC_WARN_UNUSED_VARIABLE = YES;
				IPHONEOS_DEPLOYMENT_TARGET = 17.2;
				LOCALIZATION_PREFERS_STRING_CATALOGS = YES;
				MTL_ENABLE_DEBUG_INFO = NO;
				MTL_FAST_MATH = YES;
				SDKROOT = iphoneos;
				SWIFT_COMPILATION_MODE = wholemodule;
				VALIDATE_PRODUCT = YES;
			};
			name = Release;
		};
		B3A671322C9B2B320024B802 /* Debug */ = {
			isa = XCBuildConfiguration;
			buildSettings = {
				ASSETCATALOG_COMPILER_APPICON_NAME = AppIcon;
				ASSETCATALOG_COMPILER_GLOBAL_ACCENT_COLOR_NAME = AccentColor;
				CODE_SIGN_STYLE = Automatic;
				CURRENT_PROJECT_VERSION = 1;
				DEVELOPMENT_TEAM = CD8674YCZS;
				GENERATE_INFOPLIST_FILE = YES;
				INFOPLIST_FILE = DemiurgTest/Info.plist;
				INFOPLIST_KEY_UIApplicationSupportsIndirectInputEvents = YES;
				INFOPLIST_KEY_UILaunchStoryboardName = LaunchScreen;
				INFOPLIST_KEY_UISupportedInterfaceOrientations_iPad = "UIInterfaceOrientationPortrait UIInterfaceOrientationPortraitUpsideDown UIInterfaceOrientationLandscapeLeft UIInterfaceOrientationLandscapeRight";
				INFOPLIST_KEY_UISupportedInterfaceOrientations_iPhone = "UIInterfaceOrientationPortrait UIInterfaceOrientationLandscapeLeft UIInterfaceOrientationLandscapeRight";
				LD_RUNPATH_SEARCH_PATHS = (
					"$(inherited)",
					"@executable_path/Frameworks",
				);
				MARKETING_VERSION = 1.0;
				PRODUCT_BUNDLE_IDENTIFIER = test.DemiurgTest;
				PRODUCT_NAME = "$(TARGET_NAME)";
				SWIFT_EMIT_LOC_STRINGS = YES;
				SWIFT_VERSION = 5.0;
				TARGETED_DEVICE_FAMILY = "1,2";
			};
			name = Debug;
		};
		B3A671332C9B2B320024B802 /* Release */ = {
			isa = XCBuildConfiguration;
			buildSettings = {
				ASSETCATALOG_COMPILER_APPICON_NAME = AppIcon;
				ASSETCATALOG_COMPILER_GLOBAL_ACCENT_COLOR_NAME = AccentColor;
				CODE_SIGN_STYLE = Automatic;
				CURRENT_PROJECT_VERSION = 1;
				DEVELOPMENT_TEAM = CD8674YCZS;
				GENERATE_INFOPLIST_FILE = YES;
				INFOPLIST_FILE = DemiurgTest/Info.plist;
				INFOPLIST_KEY_UIApplicationSupportsIndirectInputEvents = YES;
				INFOPLIST_KEY_UILaunchStoryboardName = LaunchScreen;
				INFOPLIST_KEY_UISupportedInterfaceOrientations_iPad = "UIInterfaceOrientationPortrait UIInterfaceOrientationPortraitUpsideDown UIInterfaceOrientationLandscapeLeft UIInterfaceOrientationLandscapeRight";
				INFOPLIST_KEY_UISupportedInterfaceOrientations_iPhone = "UIInterfaceOrientationPortrait UIInterfaceOrientationLandscapeLeft UIInterfaceOrientationLandscapeRight";
				LD_RUNPATH_SEARCH_PATHS = (
					"$(inherited)",
					"@executable_path/Frameworks",
				);
				MARKETING_VERSION = 1.0;
				PRODUCT_BUNDLE_IDENTIFIER = test.DemiurgTest;
				PRODUCT_NAME = "$(TARGET_NAME)";
				SWIFT_EMIT_LOC_STRINGS = YES;
				SWIFT_VERSION = 5.0;
				TARGETED_DEVICE_FAMILY = "1,2";
			};
			name = Release;
		};
/* End XCBuildConfiguration section */

/* Begin XCConfigurationList section */
		B3A671182C9B2B300024B802 /* Build configuration list for PBXProject "DemiurgTest" */ = {
			isa = XCConfigurationList;
			buildConfigurations = (
				B3A6712F2C9B2B320024B802 /* Debug */,
				B3A671302C9B2B320024B802 /* Release */,
			);
			defaultConfigurationIsVisible = 0;
			defaultConfigurationName = Release;
		};
		B3A671312C9B2B320024B802 /* Build configuration list for PBXNativeTarget "DemiurgTest" */ = {
			isa = XCConfigurationList;
			buildConfigurations = (
				B3A671322C9B2B320024B802 /* Debug */,
				B3A671332C9B2B320024B802 /* Release */,
			);
			defaultConfigurationIsVisible = 0;
			defaultConfigurationName = Release;
		};
/* End XCConfigurationList section */
	};
	rootObject = B3A671152C9B2B300024B802 /* Project object */;
}
